
Microsoft Visual Studio Solution File, Format Version 12.00
# Visual Studio 14
VisualStudioVersion = 14.0.25420.1
MinimumVisualStudioVersion = 10.0.40219.1
Project("{FAE04EC0-301F-11D3-BF4B-00C04F79EFBC}") = "Xamarin_Layouts.Droid", "Xamarin-Layouts\Xamarin_Layouts.Droid\Xamarin_Layouts.Droid.csproj", "{2CBF1A98-BCB5-46FB-B725-620EF92E28AA}"
EndProject
Project("{FAE04EC0-301F-11D3-BF4B-00C04F79EFBC}") = "Xamarin_Layouts.iOS", "Xamarin-Layouts\Xamarin_Layouts.iOS\Xamarin_Layouts.iOS.csproj", "{2A6BFD00-4ADA-4A2E-AB14-4C79E0F50ABB}"
EndProject
Project("{FAE04EC0-301F-11D3-BF4B-00C04F79EFBC}") = "Xamarin_Layouts.UWP", "Xamarin-Layouts\Xamarin_Layouts.UWP\Xamarin_Layouts.UWP.csproj", "{1614E43B-4B18-49A3-8A34-3099EF98F7CC}"
EndProject
Project("{D954291E-2A0B-460D-934E-DC6B0785DB48}") = "Xamarin_Layouts", "Xamarin-Layouts\Xamarin_Layouts\Xamarin_Layouts.shproj", "{D7870810-FFD8-4083-9FBE-A67115737CF1}"
EndProject
Global
	GlobalSection(SharedMSBuildProjectFiles) = preSolution
		Xamarin-Layouts\Xamarin_Layouts\Xamarin_Layouts.projitems*{d7870810-ffd8-4083-9fbe-a67115737cf1}*SharedItemsImports = 13
	EndGlobalSection
	GlobalSection(SolutionConfigurationPlatforms) = preSolution
		Ad-Hoc|Any CPU = Ad-Hoc|Any CPU
		Ad-Hoc|ARM = Ad-Hoc|ARM
		Ad-Hoc|iPhone = Ad-Hoc|iPhone
		Ad-Hoc|iPhoneSimulator = Ad-Hoc|iPhoneSimulator
		Ad-Hoc|x64 = Ad-Hoc|x64
		Ad-Hoc|x86 = Ad-Hoc|x86
		AppStore|Any CPU = AppStore|Any CPU
		AppStore|ARM = AppStore|ARM
		AppStore|iPhone = AppStore|iPhone
		AppStore|iPhoneSimulator = AppStore|iPhoneSimulator
		AppStore|x64 = AppStore|x64
		AppStore|x86 = AppStore|x86
		Debug|Any CPU = Debug|Any CPU
		Debug|ARM = Debug|ARM
		Debug|iPhone = Debug|iPhone
		Debug|iPhoneSimulator = Debug|iPhoneSimulator
		Debug|x64 = Debug|x64
		Debug|x86 = Debug|x86
		Release|Any CPU = Release|Any CPU
		Release|ARM = Release|ARM
		Release|iPhone = Release|iPhone
		Release|iPhoneSimulator = Release|iPhoneSimulator
		Release|x64 = Release|x64
		Release|x86 = Release|x86
	EndGlobalSection
	GlobalSection(ProjectConfigurationPlatforms) = postSolution
		{2CBF1A98-BCB5-46FB-B725-620EF92E28AA}.Ad-Hoc|Any CPU.ActiveCfg = Release|Any CPU
		{2CBF1A98-BCB5-46FB-B725-620EF92E28AA}.Ad-Hoc|Any CPU.Build.0 = Release|Any CPU
		{2CBF1A98-BCB5-46FB-B725-620EF92E28AA}.Ad-Hoc|Any CPU.Deploy.0 = Release|Any CPU
		{2CBF1A98-BCB5-46FB-B725-620EF92E28AA}.Ad-Hoc|ARM.ActiveCfg = Release|Any CPU
		{2CBF1A98-BCB5-46FB-B725-620EF92E28AA}.Ad-Hoc|ARM.Build.0 = Release|Any CPU
		{2CBF1A98-BCB5-46FB-B725-620EF92E28AA}.Ad-Hoc|ARM.Deploy.0 = Release|Any CPU
		{2CBF1A98-BCB5-46FB-B725-620EF92E28AA}.Ad-Hoc|iPhone.ActiveCfg = Release|Any CPU
		{2CBF1A98-BCB5-46FB-B725-620EF92E28AA}.Ad-Hoc|iPhone.Build.0 = Release|Any CPU
		{2CBF1A98-BCB5-46FB-B725-620EF92E28AA}.Ad-Hoc|iPhone.Deploy.0 = Release|Any CPU
		{2CBF1A98-BCB5-46FB-B725-620EF92E28AA}.Ad-Hoc|iPhoneSimulator.ActiveCfg = Release|Any CPU
		{2CBF1A98-BCB5-46FB-B725-620EF92E28AA}.Ad-Hoc|iPhoneSimulator.Build.0 = Release|Any CPU
		{2CBF1A98-BCB5-46FB-B725-620EF92E28AA}.Ad-Hoc|iPhoneSimulator.Deploy.0 = Release|Any CPU
		{2CBF1A98-BCB5-46FB-B725-620EF92E28AA}.Ad-Hoc|x64.ActiveCfg = Release|Any CPU
		{2CBF1A98-BCB5-46FB-B725-620EF92E28AA}.Ad-Hoc|x64.Build.0 = Release|Any CPU
		{2CBF1A98-BCB5-46FB-B725-620EF92E28AA}.Ad-Hoc|x64.Deploy.0 = Release|Any CPU
		{2CBF1A98-BCB5-46FB-B725-620EF92E28AA}.Ad-Hoc|x86.ActiveCfg = Release|Any CPU
		{2CBF1A98-BCB5-46FB-B725-620EF92E28AA}.Ad-Hoc|x86.Build.0 = Release|Any CPU
		{2CBF1A98-BCB5-46FB-B725-620EF92E28AA}.Ad-Hoc|x86.Deploy.0 = Release|Any CPU
		{2CBF1A98-BCB5-46FB-B725-620EF92E28AA}.AppStore|Any CPU.ActiveCfg = Release|Any CPU
		{2CBF1A98-BCB5-46FB-B725-620EF92E28AA}.AppStore|Any CPU.Build.0 = Release|Any CPU
		{2CBF1A98-BCB5-46FB-B725-620EF92E28AA}.AppStore|Any CPU.Deploy.0 = Release|Any CPU
		{2CBF1A98-BCB5-46FB-B725-620EF92E28AA}.AppStore|ARM.ActiveCfg = Release|Any CPU
		{2CBF1A98-BCB5-46FB-B725-620EF92E28AA}.AppStore|ARM.Build.0 = Release|Any CPU
		{2CBF1A98-BCB5-46FB-B725-620EF92E28AA}.AppStore|ARM.Deploy.0 = Release|Any CPU
		{2CBF1A98-BCB5-46FB-B725-620EF92E28AA}.AppStore|iPhone.ActiveCfg = Release|Any CPU
		{2CBF1A98-BCB5-46FB-B725-620EF92E28AA}.AppStore|iPhone.Build.0 = Release|Any CPU
		{2CBF1A98-BCB5-46FB-B725-620EF92E28AA}.AppStore|iPhone.Deploy.0 = Release|Any CPU
		{2CBF1A98-BCB5-46FB-B725-620EF92E28AA}.AppStore|iPhoneSimulator.ActiveCfg = Release|Any CPU
		{2CBF1A98-BCB5-46FB-B725-620EF92E28AA}.AppStore|iPhoneSimulator.Build.0 = Release|Any CPU
		{2CBF1A98-BCB5-46FB-B725-620EF92E28AA}.AppStore|iPhoneSimulator.Deploy.0 = Release|Any CPU
		{2CBF1A98-BCB5-46FB-B725-620EF92E28AA}.AppStore|x64.ActiveCfg = Release|Any CPU
		{2CBF1A98-BCB5-46FB-B725-620EF92E28AA}.AppStore|x64.Build.0 = Release|Any CPU
		{2CBF1A98-BCB5-46FB-B725-620EF92E28AA}.AppStore|x64.Deploy.0 = Release|Any CPU
		{2CBF1A98-BCB5-46FB-B725-620EF92E28AA}.AppStore|x86.ActiveCfg = Release|Any CPU
		{2CBF1A98-BCB5-46FB-B725-620EF92E28AA}.AppStore|x86.Build.0 = Release|Any CPU
		{2CBF1A98-BCB5-46FB-B725-620EF92E28AA}.AppStore|x86.Deploy.0 = Release|Any CPU
		{2CBF1A98-BCB5-46FB-B725-620EF92E28AA}.Debug|Any CPU.ActiveCfg = Debug|Any CPU
		{2CBF1A98-BCB5-46FB-B725-620EF92E28AA}.Debug|Any CPU.Build.0 = Debug|Any CPU
		{2CBF1A98-BCB5-46FB-B725-620EF92E28AA}.Debug|Any CPU.Deploy.0 = Debug|Any CPU
		{2CBF1A98-BCB5-46FB-B725-620EF92E28AA}.Debug|ARM.ActiveCfg = Debug|Any CPU
		{2CBF1A98-BCB5-46FB-B725-620EF92E28AA}.Debug|ARM.Build.0 = Debug|Any CPU
		{2CBF1A98-BCB5-46FB-B725-620EF92E28AA}.Debug|ARM.Deploy.0 = Debug|Any CPU
		{2CBF1A98-BCB5-46FB-B725-620EF92E28AA}.Debug|iPhone.ActiveCfg = Debug|Any CPU
		{2CBF1A98-BCB5-46FB-B725-620EF92E28AA}.Debug|iPhone.Build.0 = Debug|Any CPU
		{2CBF1A98-BCB5-46FB-B725-620EF92E28AA}.Debug|iPhone.Deploy.0 = Debug|Any CPU
		{2CBF1A98-BCB5-46FB-B725-620EF92E28AA}.Debug|iPhoneSimulator.ActiveCfg = Debug|Any CPU
		{2CBF1A98-BCB5-46FB-B725-620EF92E28AA}.Debug|iPhoneSimulator.Build.0 = Debug|Any CPU
		{2CBF1A98-BCB5-46FB-B725-620EF92E28AA}.Debug|iPhoneSimulator.Deploy.0 = Debug|Any CPU
		{2CBF1A98-BCB5-46FB-B725-620EF92E28AA}.Debug|x64.ActiveCfg = Debug|Any CPU
		{2CBF1A98-BCB5-46FB-B725-620EF92E28AA}.Debug|x64.Build.0 = Debug|Any CPU
		{2CBF1A98-BCB5-46FB-B725-620EF92E28AA}.Debug|x64.Deploy.0 = Debug|Any CPU
		{2CBF1A98-BCB5-46FB-B725-620EF92E28AA}.Debug|x86.ActiveCfg = Debug|Any CPU
		{2CBF1A98-BCB5-46FB-B725-620EF92E28AA}.Debug|x86.Build.0 = Debug|Any CPU
		{2CBF1A98-BCB5-46FB-B725-620EF92E28AA}.Debug|x86.Deploy.0 = Debug|Any CPU
		{2CBF1A98-BCB5-46FB-B725-620EF92E28AA}.Release|Any CPU.ActiveCfg = Release|Any CPU
		{2CBF1A98-BCB5-46FB-B725-620EF92E28AA}.Release|Any CPU.Build.0 = Release|Any CPU
		{2CBF1A98-BCB5-46FB-B725-620EF92E28AA}.Release|Any CPU.Deploy.0 = Release|Any CPU
		{2CBF1A98-BCB5-46FB-B725-620EF92E28AA}.Release|ARM.ActiveCfg = Release|Any CPU
		{2CBF1A98-BCB5-46FB-B725-620EF92E28AA}.Release|ARM.Build.0 = Release|Any CPU
		{2CBF1A98-BCB5-46FB-B725-620EF92E28AA}.Release|ARM.Deploy.0 = Release|Any CPU
		{2CBF1A98-BCB5-46FB-B725-620EF92E28AA}.Release|iPhone.ActiveCfg = Release|Any CPU
		{2CBF1A98-BCB5-46FB-B725-620EF92E28AA}.Release|iPhone.Build.0 = Release|Any CPU
		{2CBF1A98-BCB5-46FB-B725-620EF92E28AA}.Release|iPhone.Deploy.0 = Release|Any CPU
		{2CBF1A98-BCB5-46FB-B725-620EF92E28AA}.Release|iPhoneSimulator.ActiveCfg = Release|Any CPU
		{2CBF1A98-BCB5-46FB-B725-620EF92E28AA}.Release|iPhoneSimulator.Build.0 = Release|Any CPU
		{2CBF1A98-BCB5-46FB-B725-620EF92E28AA}.Release|iPhoneSimulator.Deploy.0 = Release|Any CPU
		{2CBF1A98-BCB5-46FB-B725-620EF92E28AA}.Release|x64.ActiveCfg = Release|Any CPU
		{2CBF1A98-BCB5-46FB-B725-620EF92E28AA}.Release|x64.Build.0 = Release|Any CPU
		{2CBF1A98-BCB5-46FB-B725-620EF92E28AA}.Release|x64.Deploy.0 = Release|Any CPU
		{2CBF1A98-BCB5-46FB-B725-620EF92E28AA}.Release|x86.ActiveCfg = Release|Any CPU
		{2CBF1A98-BCB5-46FB-B725-620EF92E28AA}.Release|x86.Build.0 = Release|Any CPU
		{2CBF1A98-BCB5-46FB-B725-620EF92E28AA}.Release|x86.Deploy.0 = Release|Any CPU
		{2A6BFD00-4ADA-4A2E-AB14-4C79E0F50ABB}.Ad-Hoc|Any CPU.ActiveCfg = Ad-Hoc|iPhone
		{2A6BFD00-4ADA-4A2E-AB14-4C79E0F50ABB}.Ad-Hoc|ARM.ActiveCfg = Ad-Hoc|iPhone
		{2A6BFD00-4ADA-4A2E-AB14-4C79E0F50ABB}.Ad-Hoc|iPhone.ActiveCfg = Ad-Hoc|iPhone
		{2A6BFD00-4ADA-4A2E-AB14-4C79E0F50ABB}.Ad-Hoc|iPhone.Build.0 = Ad-Hoc|iPhone
		{2A6BFD00-4ADA-4A2E-AB14-4C79E0F50ABB}.Ad-Hoc|iPhoneSimulator.ActiveCfg = Ad-Hoc|iPhoneSimulator
		{2A6BFD00-4ADA-4A2E-AB14-4C79E0F50ABB}.Ad-Hoc|iPhoneSimulator.Build.0 = Ad-Hoc|iPhoneSimulator
		{2A6BFD00-4ADA-4A2E-AB14-4C79E0F50ABB}.Ad-Hoc|x64.ActiveCfg = Ad-Hoc|iPhone
		{2A6BFD00-4ADA-4A2E-AB14-4C79E0F50ABB}.Ad-Hoc|x86.ActiveCfg = Ad-Hoc|iPhone
		{2A6BFD00-4ADA-4A2E-AB14-4C79E0F50ABB}.AppStore|Any CPU.ActiveCfg = AppStore|iPhone
		{2A6BFD00-4ADA-4A2E-AB14-4C79E0F50ABB}.AppStore|ARM.ActiveCfg = AppStore|iPhone
		{2A6BFD00-4ADA-4A2E-AB14-4C79E0F50ABB}.AppStore|iPhone.ActiveCfg = AppStore|iPhone
		{2A6BFD00-4ADA-4A2E-AB14-4C79E0F50ABB}.AppStore|iPhone.Build.0 = AppStore|iPhone
		{2A6BFD00-4ADA-4A2E-AB14-4C79E0F50ABB}.AppStore|iPhoneSimulator.ActiveCfg = AppStore|iPhoneSimulator
		{2A6BFD00-4ADA-4A2E-AB14-4C79E0F50ABB}.AppStore|iPhoneSimulator.Build.0 = AppStore|iPhoneSimulator
		{2A6BFD00-4ADA-4A2E-AB14-4C79E0F50ABB}.AppStore|x64.ActiveCfg = AppStore|iPhone
		{2A6BFD00-4ADA-4A2E-AB14-4C79E0F50ABB}.AppStore|x86.ActiveCfg = AppStore|iPhone
		{2A6BFD00-4ADA-4A2E-AB14-4C79E0F50ABB}.Debug|Any CPU.ActiveCfg = Debug|iPhone
		{2A6BFD00-4ADA-4A2E-AB14-4C79E0F50ABB}.Debug|ARM.ActiveCfg = Debug|iPhone
		{2A6BFD00-4ADA-4A2E-AB14-4C79E0F50ABB}.Debug|iPhone.ActiveCfg = Debug|iPhone
		{2A6BFD00-4ADA-4A2E-AB14-4C79E0F50ABB}.Debug|iPhone.Build.0 = Debug|iPhone
		{2A6BFD00-4ADA-4A2E-AB14-4C79E0F50ABB}.Debug|iPhoneSimulator.ActiveCfg = Debug|iPhoneSimulator
		{2A6BFD00-4ADA-4A2E-AB14-4C79E0F50ABB}.Debug|iPhoneSimulator.Build.0 = Debug|iPhoneSimulator
		{2A6BFD00-4ADA-4A2E-AB14-4C79E0F50ABB}.Debug|x64.ActiveCfg = Debug|iPhone
		{2A6BFD00-4ADA-4A2E-AB14-4C79E0F50ABB}.Debug|x86.ActiveCfg = Debug|iPhone
		{2A6BFD00-4ADA-4A2E-AB14-4C79E0F50ABB}.Release|Any CPU.ActiveCfg = Release|iPhone
		{2A6BFD00-4ADA-4A2E-AB14-4C79E0F50ABB}.Release|ARM.ActiveCfg = Release|iPhone
		{2A6BFD00-4ADA-4A2E-AB14-4C79E0F50ABB}.Release|iPhone.ActiveCfg = Release|iPhone
		{2A6BFD00-4ADA-4A2E-AB14-4C79E0F50ABB}.Release|iPhone.Build.0 = Release|iPhone
		{2A6BFD00-4ADA-4A2E-AB14-4C79E0F50ABB}.Release|iPhoneSimulator.ActiveCfg = Release|iPhoneSimulator
		{2A6BFD00-4ADA-4A2E-AB14-4C79E0F50ABB}.Release|iPhoneSimulator.Build.0 = Release|iPhoneSimulator
		{2A6BFD00-4ADA-4A2E-AB14-4C79E0F50ABB}.Release|x64.ActiveCfg = Release|iPhone
		{2A6BFD00-4ADA-4A2E-AB14-4C79E0F50ABB}.Release|x86.ActiveCfg = Release|iPhone
		{1614E43B-4B18-49A3-8A34-3099EF98F7CC}.Ad-Hoc|Any CPU.ActiveCfg = Release|x86
		{1614E43B-4B18-49A3-8A34-3099EF98F7CC}.Ad-Hoc|Any CPU.Build.0 = Release|x86
		{1614E43B-4B18-49A3-8A34-3099EF98F7CC}.Ad-Hoc|Any CPU.Deploy.0 = Release|x86
		{1614E43B-4B18-49A3-8A34-3099EF98F7CC}.Ad-Hoc|ARM.ActiveCfg = Release|ARM
		{1614E43B-4B18-49A3-8A34-3099EF98F7CC}.Ad-Hoc|ARM.Build.0 = Release|ARM
		{1614E43B-4B18-49A3-8A34-3099EF98F7CC}.Ad-Hoc|ARM.Deploy.0 = Release|ARM
		{1614E43B-4B18-49A3-8A34-3099EF98F7CC}.Ad-Hoc|iPhone.ActiveCfg = Release|x86
		{1614E43B-4B18-49A3-8A34-3099EF98F7CC}.Ad-Hoc|iPhone.Build.0 = Release|x86
		{1614E43B-4B18-49A3-8A34-3099EF98F7CC}.Ad-Hoc|iPhone.Deploy.0 = Release|x86
		{1614E43B-4B18-49A3-8A34-3099EF98F7CC}.Ad-Hoc|iPhoneSimulator.ActiveCfg = Release|x86
		{1614E43B-4B18-49A3-8A34-3099EF98F7CC}.Ad-Hoc|iPhoneSimulator.Build.0 = Release|x86
		{1614E43B-4B18-49A3-8A34-3099EF98F7CC}.Ad-Hoc|iPhoneSimulator.Deploy.0 = Release|x86
		{1614E43B-4B18-49A3-8A34-3099EF98F7CC}.Ad-Hoc|x64.ActiveCfg = Release|x64
		{1614E43B-4B18-49A3-8A34-3099EF98F7CC}.Ad-Hoc|x64.Build.0 = Release|x64
		{1614E43B-4B18-49A3-8A34-3099EF98F7CC}.Ad-Hoc|x64.Deploy.0 = Release|x64
		{1614E43B-4B18-49A3-8A34-3099EF98F7CC}.Ad-Hoc|x86.ActiveCfg = Release|x86
		{1614E43B-4B18-49A3-8A34-3099EF98F7CC}.Ad-Hoc|x86.Build.0 = Release|x86
		{1614E43B-4B18-49A3-8A34-3099EF98F7CC}.Ad-Hoc|x86.Deploy.0 = Release|x86
		{1614E43B-4B18-49A3-8A34-3099EF98F7CC}.AppStore|Any CPU.ActiveCfg = Release|x86
		{1614E43B-4B18-49A3-8A34-3099EF98F7CC}.AppStore|Any CPU.Build.0 = Release|x86
		{1614E43B-4B18-49A3-8A34-3099EF98F7CC}.AppStore|Any CPU.Deploy.0 = Release|x86
		{1614E43B-4B18-49A3-8A34-3099EF98F7CC}.AppStore|ARM.ActiveCfg = Release|ARM
		{1614E43B-4B18-49A3-8A34-3099EF98F7CC}.AppStore|ARM.Build.0 = Release|ARM
		{1614E43B-4B18-49A3-8A34-3099EF98F7CC}.AppStore|ARM.Deploy.0 = Release|ARM
		{1614E43B-4B18-49A3-8A34-3099EF98F7CC}.AppStore|iPhone.ActiveCfg = Release|x86
		{1614E43B-4B18-49A3-8A34-3099EF98F7CC}.AppStore|iPhone.Build.0 = Release|x86
		{1614E43B-4B18-49A3-8A34-3099EF98F7CC}.AppStore|iPhone.Deploy.0 = Release|x86
		{1614E43B-4B18-49A3-8A34-3099EF98F7CC}.AppStore|iPhoneSimulator.ActiveCfg = Release|x86
		{1614E43B-4B18-49A3-8A34-3099EF98F7CC}.AppStore|iPhoneSimulator.Build.0 = Release|x86
		{1614E43B-4B18-49A3-8A34-3099EF98F7CC}.AppStore|iPhoneSimulator.Deploy.0 = Release|x86
		{1614E43B-4B18-49A3-8A34-3099EF98F7CC}.AppStore|x64.ActiveCfg = Release|x64
		{1614E43B-4B18-49A3-8A34-3099EF98F7CC}.AppStore|x64.Build.0 = Release|x64
		{1614E43B-4B18-49A3-8A34-3099EF98F7CC}.AppStore|x64.Deploy.0 = Release|x64
		{1614E43B-4B18-49A3-8A34-3099EF98F7CC}.AppStore|x86.ActiveCfg = Release|x86
		{1614E43B-4B18-49A3-8A34-3099EF98F7CC}.AppStore|x86.Build.0 = Release|x86
		{1614E43B-4B18-49A3-8A34-3099EF98F7CC}.AppStore|x86.Deploy.0 = Release|x86
		{1614E43B-4B18-49A3-8A34-3099EF98F7CC}.Debug|Any CPU.ActiveCfg = Debug|x86
		{1614E43B-4B18-49A3-8A34-3099EF98F7CC}.Debug|ARM.ActiveCfg = Debug|ARM
		{1614E43B-4B18-49A3-8A34-3099EF98F7CC}.Debug|ARM.Build.0 = Debug|ARM
		{1614E43B-4B18-49A3-8A34-3099EF98F7CC}.Debug|ARM.Deploy.0 = Debug|ARM
		{1614E43B-4B18-49A3-8A34-3099EF98F7CC}.Debug|iPhone.ActiveCfg = Debug|x86
		{1614E43B-4B18-49A3-8A34-3099EF98F7CC}.Debug|iPhoneSimulator.ActiveCfg = Debug|x86
		{1614E43B-4B18-49A3-8A34-3099EF98F7CC}.Debug|x64.ActiveCfg = Debug|x64
		{1614E43B-4B18-49A3-8A34-3099EF98F7CC}.Debug|x64.Build.0 = Debug|x64
		{1614E43B-4B18-49A3-8A34-3099EF98F7CC}.Debug|x64.Deploy.0 = Debug|x64
		{1614E43B-4B18-49A3-8A34-3099EF98F7CC}.Debug|x86.ActiveCfg = Debug|x86
		{1614E43B-4B18-49A3-8A34-3099EF98F7CC}.Debug|x86.Build.0 = Debug|x86
		{1614E43B-4B18-49A3-8A34-3099EF98F7CC}.Debug|x86.Deploy.0 = Debug|x86
		{1614E43B-4B18-49A3-8A34-3099EF98F7CC}.Release|Any CPU.ActiveCfg = Release|x86
		{1614E43B-4B18-49A3-8A34-3099EF98F7CC}.Release|ARM.ActiveCfg = Release|ARM
		{1614E43B-4B18-49A3-8A34-3099EF98F7CC}.Release|ARM.Build.0 = Release|ARM
		{1614E43B-4B18-49A3-8A34-3099EF98F7CC}.Release|ARM.Deploy.0 = Release|ARM
		{1614E43B-4B18-49A3-8A34-3099EF98F7CC}.Release|iPhone.ActiveCfg = Release|x86
		{1614E43B-4B18-49A3-8A34-3099EF98F7CC}.Release|iPhoneSimulator.ActiveCfg = Release|x86
		{1614E43B-4B18-49A3-8A34-3099EF98F7CC}.Release|x64.ActiveCfg = Release|x64
		{1614E43B-4B18-49A3-8A34-3099EF98F7CC}.Release|x64.Build.0 = Release|x64
		{1614E43B-4B18-49A3-8A34-3099EF98F7CC}.Release|x64.Deploy.0 = Release|x64
		{1614E43B-4B18-49A3-8A34-3099EF98F7CC}.Release|x86.ActiveCfg = Release|x86
		{1614E43B-4B18-49A3-8A34-3099EF98F7CC}.Release|x86.Build.0 = Release|x86
		{1614E43B-4B18-49A3-8A34-3099EF98F7CC}.Release|x86.Deploy.0 = Release|x86
	EndGlobalSection
	GlobalSection(SolutionProperties) = preSolution
		HideSolutionNode = FALSE
	EndGlobalSection
EndGlobal
